
Microsoft Visual Studio Solution File, Format Version 12.00
# Visual Studio Version 16
VisualStudioVersion = 16.0.30717.126
MinimumVisualStudioVersion = 10.0.40219.1
Project("{FAE04EC0-301F-11D3-BF4B-00C04F79EFBC}") = "Hi-Tech Order Management System", "Hi-Tech Order Management System.csproj", "{263EC9A6-10C1-44FD-BC62-B46A35E11FE0}"
EndProject
Global
	GlobalSection(SolutionConfigurationPlatforms) = preSolution
		Debug|Any CPU = Debug|Any CPU
		Release|Any CPU = Release|Any CPU
	EndGlobalSection
	GlobalSection(ProjectConfigurationPlatforms) = postSolution
		{263EC9A6-10C1-44FD-BC62-B46A35E11FE0}.Debug|Any CPU.ActiveCfg = Debug|Any CPU
		{263EC9A6-10C1-44FD-BC62-B46A35E11FE0}.Debug|Any CPU.Build.0 = Debug|Any CPU
		{263EC9A6-10C1-44FD-BC62-B46A35E11FE0}.Release|Any CPU.ActiveCfg = Release|Any CPU
		{263EC9A6-10C1-44FD-BC62-B46A35E11FE0}.Release|Any CPU.Build.0 = Release|Any CPU
	EndGlobalSection
	GlobalSection(SolutionProperties) = preSolution
		HideSolutionNode = FALSE
	EndGlobalSection
	GlobalSection(ExtensibilityGlobals) = postSolution
		SolutionGuid = {CA86BD33-6B95-4C0A-8693-B92E15A0713A}
	EndGlobalSection
EndGlobal
